// !$*UTF8*$!
{
	archiveVersion = 1;
	classes = {
	};
	objectVersion = 50;
	objects = {

/* Begin PBXBuildFile section */
		1627CB2D2081C1E900EF9733 /* AppDelegate.swift in Sources */ = {isa = PBXBuildFile; fileRef = 1627CB2C2081C1E900EF9733 /* AppDelegate.swift */; };
		1627CB2F2081C1E900EF9733 /* ViewController.swift in Sources */ = {isa = PBXBuildFile; fileRef = 1627CB2E2081C1E900EF9733 /* ViewController.swift */; };
		1627CB322081C1E900EF9733 /* Main.storyboard in Resources */ = {isa = PBXBuildFile; fileRef = 1627CB302081C1E900EF9733 /* Main.storyboard */; };
		1627CB352081C1E900EF9733 /* SJ.xcdatamodeld in Sources */ = {isa = PBXBuildFile; fileRef = 1627CB332081C1E900EF9733 /* SJ.xcdatamodeld */; };
		1627CB372081C1EA00EF9733 /* Assets.xcassets in Resources */ = {isa = PBXBuildFile; fileRef = 1627CB362081C1EA00EF9733 /* Assets.xcassets */; };
		1627CB3A2081C1EA00EF9733 /* LaunchScreen.storyboard in Resources */ = {isa = PBXBuildFile; fileRef = 1627CB382081C1EA00EF9733 /* LaunchScreen.storyboard */; };
/* End PBXBuildFile section */

/* Begin PBXFileReference section */
		1627CB292081C1E900EF9733 /* SJ.app */ = {isa = PBXFileReference; explicitFileType = wrapper.application; includeInIndex = 0; path = SJ.app; sourceTree = BUILT_PRODUCTS_DIR; };
		1627CB2C2081C1E900EF9733 /* AppDelegate.swift */ = {isa = PBXFileReference; lastKnownFileType = sourcecode.swift; path = AppDelegate.swift; sourceTree = "<group>"; };
		1627CB2E2081C1E900EF9733 /* ViewController.swift */ = {isa = PBXFileReference; lastKnownFileType = sourcecode.swift; path = ViewController.swift; sourceTree = "<group>"; };
		1627CB312081C1E900EF9733 /* Base */ = {isa = PBXFileReference; lastKnownFileType = file.storyboard; name = Base; path = Base.lproj/Main.storyboard; sourceTree = "<group>"; };
		1627CB342081C1E900EF9733 /* SJ.xcdatamodel */ = {isa = PBXFileReference; lastKnownFileType = wrapper.xcdatamodel; path = SJ.xcdatamodel; sourceTree = "<group>"; };
		1627CB362081C1EA00EF9733 /* Assets.xcassets */ = {isa = PBXFileReference; lastKnownFileType = folder.assetcatalog; path = Assets.xcassets; sourceTree = "<group>"; };
		1627CB392081C1EA00EF9733 /* Base */ = {isa = PBXFileReference; lastKnownFileType = file.storyboard; name = Base; path = Base.lproj/LaunchScreen.storyboard; sourceTree = "<group>"; };
		1627CB3B2081C1EA00EF9733 /* Info.plist */ = {isa = PBXFileReference; lastKnownFileType = text.plist.xml; path = Info.plist; sourceTree = "<group>"; };
/* End PBXFileReference section */

/* Begin PBXFrameworksBuildPhase section */
		1627CB262081C1E900EF9733 /* Frameworks */ = {
			isa = PBXFrameworksBuildPhase;
			buildActionMask = 2147483647;
			files = (
			);
			runOnlyForDeploymentPostprocessing = 0;
		};
/* End PBXFrameworksBuildPhase section */

/* Begin PBXGroup section */
		1627CB202081C1E900EF9733 = {
			isa = PBXGroup;
			children = (
				1627CB2B2081C1E900EF9733 /* SJ */,
				1627CB2A2081C1E900EF9733 /* Products */,
			);
			sourceTree = "<group>";
		};
		1627CB2A2081C1E900EF9733 /* Products */ = {
			isa = PBXGroup;
			children = (
				1627CB292081C1E900EF9733 /* SJ.app */,
			);
			name = Products;
			sourceTree = "<group>";
		};
		1627CB2B2081C1E900EF9733 /* SJ */ = {
			isa = PBXGroup;
			children = (
				1627CB2C2081C1E900EF9733 /* AppDelegate.swift */,
				1627CB2E2081C1E900EF9733 /* ViewController.swift */,
				1627CB302081C1E900EF9733 /* Main.storyboard */,
				1627CB362081C1EA00EF9733 /* Assets.xcassets */,
				1627CB382081C1EA00EF9733 /* LaunchScreen.storyboard */,
				1627CB3B2081C1EA00EF9733 /* Info.plist */,
				1627CB332081C1E900EF9733 /* SJ.xcdatamodeld */,
			);
			path = SJ;
			sourceTree = "<group>";
		};
/* End PBXGroup section */

/* Begin PBXNativeTarget section */
		1627CB282081C1E900EF9733 /* SJ */ = {
			isa = PBXNativeTarget;
			buildConfigurationList = 1627CB3E2081C1EA00EF9733 /* Build configuration list for PBXNativeTarget "SJ" */;
			buildPhases = (
				1627CB252081C1E900EF9733 /* Sources */,
				1627CB262081C1E900EF9733 /* Frameworks */,
				1627CB272081C1E900EF9733 /* Resources */,
			);
			buildRules = (
			);
			dependencies = (
			);
			name = SJ;
			productName = SJ;
			productReference = 1627CB292081C1E900EF9733 /* SJ.app */;
			productType = "com.apple.product-type.application";
		};
/* End PBXNativeTarget section */

/* Begin PBXProject section */
		1627CB212081C1E900EF9733 /* Project object */ = {
			isa = PBXProject;
			attributes = {
				LastSwiftUpdateCheck = 0930;
				LastUpgradeCheck = 0930;
				ORGANIZATIONNAME = "Yudai Terashita";
				TargetAttributes = {
					1627CB282081C1E900EF9733 = {
						CreatedOnToolsVersion = 9.3;
					};
				};
			};
			buildConfigurationList = 1627CB242081C1E900EF9733 /* Build configuration list for PBXProject "SJ" */;
			compatibilityVersion = "Xcode 9.3";
			developmentRegion = en;
			hasScannedForEncodings = 0;
			knownRegions = (
				en,
				Base,
			);
			mainGroup = 1627CB202081C1E900EF9733;
			productRefGroup = 1627CB2A2081C1E900EF9733 /* Products */;
			projectDirPath = "";
			projectRoot = "";
			targets = (
				1627CB282081C1E900EF9733 /* SJ */,
			);
		};
/* End PBXProject section */

/* Begin PBXResourcesBuildPhase section */
		1627CB272081C1E900EF9733 /* Resources */ = {
			isa = PBXResourcesBuildPhase;
			buildActionMask = 2147483647;
			files = (
				1627CB3A2081C1EA00EF9733 /* LaunchScreen.storyboard in Resources */,
				1627CB372081C1EA00EF9733 /* Assets.xcassets in Resources */,
				1627CB322081C1E900EF9733 /* Main.storyboard in Resources */,
			);
			runOnlyForDeploymentPostprocessing = 0;
		};
/* End PBXResourcesBuildPhase section */

/* Begin PBXSourcesBuildPhase section */
		1627CB252081C1E900EF9733 /* Sources */ = {
			isa = PBXSourcesBuildPhase;
			buildActionMask = 2147483647;
			files = (
				1627CB2F2081C1E900EF9733 /* ViewController.swift in Sources */,
				1627CB2D2081C1E900EF9733 /* AppDelegate.swift in Sources */,
				1627CB352081C1E900EF9733 /* SJ.xcdatamodeld in Sources */,
			);
			runOnlyForDeploymentPostprocessing = 0;
		};
/* End PBXSourcesBuildPhase section */

/* Begin PBXVariantGroup section */
		1627CB302081C1E900EF9733 /* Main.storyboard */ = {
			isa = PBXVariantGroup;
			children = (
				1627CB312081C1E900EF9733 /* Base */,
			);
			name = Main.storyboard;
			sourceTree = "<group>";
		};
		1627CB382081C1EA00EF9733 /* LaunchScreen.storyboard */ = {
			isa = PBXVariantGroup;
			children = (
				1627CB392081C1EA00EF9733 /* Base */,
			);
			name = LaunchScreen.storyboard;
			sourceTree = "<group>";
		};
/* End PBXVariantGroup section */

/* Begin XCBuildConfiguration section */
		1627CB3C2081C1EA00EF9733 /* Debug */ = {
			isa = XCBuildConfiguration;
			buildSettings = {
				ALWAYS_SEARCH_USER_PATHS = NO;
				CLANG_ANALYZER_NONNULL = YES;
				CLANG_ANALYZER_NUMBER_OBJECT_CONVERSION = YES_AGGRESSIVE;
				CLANG_CXX_LANGUAGE_STANDARD = "gnu++14";
				CLANG_CXX_LIBRARY = "libc++";
				CLANG_ENABLE_MODULES = YES;
				CLANG_ENABLE_OBJC_ARC = YES;
				CLANG_ENABLE_OBJC_WEAK = YES;
				CLANG_WARN_BLOCK_CAPTURE_AUTORELEASING = YES;
				CLANG_WARN_BOOL_CONVERSION = YES;
				CLANG_WARN_COMMA = YES;
				CLANG_WARN_CONSTANT_CONVERSION = YES;
				CLANG_WARN_DEPRECATED_OBJC_IMPLEMENTATIONS = YES;
				CLANG_WARN_DIRECT_OBJC_ISA_USAGE = YES_ERROR;
				CLANG_WARN_DOCUMENTATION_COMMENTS = YES;
				CLANG_WARN_EMPTY_BODY = YES;
				CLANG_WARN_ENUM_CONVERSION = YES;
				CLANG_WARN_INFINITE_RECURSION = YES;
				CLANG_WARN_INT_CONVERSION = YES;
				CLANG_WARN_NON_LITERAL_NULL_CONVERSION = YES;
				CLANG_WARN_OBJC_IMPLICIT_RETAIN_SELF = YES;
				CLANG_WARN_OBJC_LITERAL_CONVERSION = YES;
				CLANG_WARN_OBJC_ROOT_CLASS = YES_ERROR;
				CLANG_WARN_RANGE_LOOP_ANALYSIS = YES;
				CLANG_WARN_STRICT_PROTOTYPES = YES;
				CLANG_WARN_SUSPICIOUS_MOVE = YES;
				CLANG_WARN_UNGUARDED_AVAILABILITY = YES_AGGRESSIVE;
				CLANG_WARN_UNREACHABLE_CODE = YES;
				CLANG_WARN__DUPLICATE_METHOD_MATCH = YES;
				CODE_SIGN_IDENTITY = "iPhone Developer";
				COPY_PHASE_STRIP = NO;
				DEBUG_INFORMATION_FORMAT = dwarf;
				ENABLE_STRICT_OBJC_MSGSEND = YES;
				ENABLE_TESTABILITY = YES;
				GCC_C_LANGUAGE_STANDARD = gnu11;
				GCC_DYNAMIC_NO_PIC = NO;
				GCC_NO_COMMON_BLOCKS = YES;
				GCC_OPTIMIZATION_LEVEL = 0;
				GCC_PREPROCESSOR_DEFINITIONS = (
					"DEBUG=1",
					"$(inherited)",
				);
				GCC_WARN_64_TO_32_BIT_CONVERSION = YES;
				GCC_WARN_ABOUT_RETURN_TYPE = YES_ERROR;
				GCC_WARN_UNDECLARED_SELECTOR = YES;
				GCC_WARN_UNINITIALIZED_AUTOS = YES_AGGRESSIVE;
				GCC_WARN_UNUSED_FUNCTION = YES;
				GCC_WARN_UNUSED_VARIABLE = YES;
				IPHONEOS_DEPLOYMENT_TARGET = 11.3;
				MTL_ENABLE_DEBUG_INFO = YES;
				ONLY_ACTIVE_ARCH = YES;
				SDKROOT = iphoneos;
				SWIFT_ACTIVE_COMPILATION_CONDITIONS = DEBUG;
				SWIFT_OPTIMIZATION_LEVEL = "-Onone";
			};
			name = Debug;
		};
		1627CB3D2081C1EA00EF9733 /* Release */ = {
			isa = XCBuildConfiguration;
			buildSettings = {
				ALWAYS_SEARCH_USER_PATHS = NO;
				CLANG_ANALYZER_NONNULL = YES;
				CLANG_ANALYZER_NUMBER_OBJECT_CONVERSION = YES_AGGRESSIVE;
				CLANG_CXX_LANGUAGE_STANDARD = "gnu++14";
				CLANG_CXX_LIBRARY = "libc++";
				CLANG_ENABLE_MODULES = YES;
				CLANG_ENABLE_OBJC_ARC = YES;
				CLANG_ENABLE_OBJC_WEAK = YES;
				CLANG_WARN_BLOCK_CAPTURE_AUTORELEASING = YES;
				CLANG_WARN_BOOL_CONVERSION = YES;
				CLANG_WARN_COMMA = YES;
				CLANG_WARN_CONSTANT_CONVERSION = YES;
				CLANG_WARN_DEPRECATED_OBJC_IMPLEMENTATIONS = YES;
				CLANG_WARN_DIRECT_OBJC_ISA_USAGE = YES_ERROR;
				CLANG_WARN_DOCUMENTATION_COMMENTS = YES;
				CLANG_WARN_EMPTY_BODY = YES;
				CLANG_WARN_ENUM_CONVERSION = YES;
				CLANG_WARN_INFINITE_RECURSION = YES;
				CLANG_WARN_INT_CONVERSION = YES;
				CLANG_WARN_NON_LITERAL_NULL_CONVERSION = YES;
				CLANG_WARN_OBJC_IMPLICIT_RETAIN_SELF = YES;
				CLANG_WARN_OBJC_LITERAL_CONVERSION = YES;
				CLANG_WARN_OBJC_ROOT_CLASS = YES_ERROR;
				CLANG_WARN_RANGE_LOOP_ANALYSIS = YES;
				CLANG_WARN_STRICT_PROTOTYPES = YES;
				CLANG_WARN_SUSPICIOUS_MOVE = YES;
				CLANG_WARN_UNGUARDED_AVAILABILITY = YES_AGGRESSIVE;
				CLANG_WARN_UNREACHABLE_CODE = YES;
				CLANG_WARN__DUPLICATE_METHOD_MATCH = YES;
				CODE_SIGN_IDENTITY = "iPhone Developer";
				COPY_PHASE_STRIP = NO;
				DEBUG_INFORMATION_FORMAT = "dwarf-with-dsym";
				ENABLE_NS_ASSERTIONS = NO;
				ENABLE_STRICT_OBJC_MSGSEND = YES;
				GCC_C_LANGUAGE_STANDARD = gnu11;
				GCC_NO_COMMON_BLOCKS = YES;
				GCC_WARN_64_TO_32_BIT_CONVERSION = YES;
				GCC_WARN_ABOUT_RETURN_TYPE = YES_ERROR;
				GCC_WARN_UNDECLARED_SELECTOR = YES;
				GCC_WARN_UNINITIALIZED_AUTOS = YES_AGGRESSIVE;
				GCC_WARN_UNUSED_FUNCTION = YES;
				GCC_WARN_UNUSED_VARIABLE = YES;
				IPHONEOS_DEPLOYMENT_TARGET = 11.3;
				MTL_ENABLE_DEBUG_INFO = NO;
				SDKROOT = iphoneos;
				SWIFT_COMPILATION_MODE = wholemodule;
				SWIFT_OPTIMIZATION_LEVEL = "-O";
				VALIDATE_PRODUCT = YES;
			};
			name = Release;
		};
		1627CB3F2081C1EA00EF9733 /* Debug */ = {
			isa = XCBuildConfiguration;
			buildSettings = {
				ASSETCATALOG_COMPILER_APPICON_NAME = AppIcon;
				CODE_SIGN_STYLE = Automatic;
				INFOPLIST_FILE = SJ/Info.plist;
				LD_RUNPATH_SEARCH_PATHS = (
					"$(inherited)",
					"@executable_path/Frameworks",
				);
				PRODUCT_BUNDLE_IDENTIFIER = test.SJ;
				PRODUCT_NAME = "$(TARGET_NAME)";
				SWIFT_VERSION = 4.0;
				TARGETED_DEVICE_FAMILY = "1,2";
			};
			name = Debug;
		};
		1627CB402081C1EA00EF9733 /* Release */ = {
			isa = XCBuildConfiguration;
			buildSettings = {
				ASSETCATALOG_COMPILER_APPICON_NAME = AppIcon;
				CODE_SIGN_STYLE = Automatic;
				INFOPLIST_FILE = SJ/Info.plist;
				LD_RUNPATH_SEARCH_PATHS = (
					"$(inherited)",
					"@executable_path/Frameworks",
				);
				PRODUCT_BUNDLE_IDENTIFIER = test.SJ;
				PRODUCT_NAME = "$(TARGET_NAME)";
				SWIFT_VERSION = 4.0;
				TARGETED_DEVICE_FAMILY = "1,2";
			};
			name = Release;
		};
/* End XCBuildConfiguration section */

/* Begin XCConfigurationList section */
		1627CB242081C1E900EF9733 /* Build configuration list for PBXProject "SJ" */ = {
			isa = XCConfigurationList;
			buildConfigurations = (
				1627CB3C2081C1EA00EF9733 /* Debug */,
				1627CB3D2081C1EA00EF9733 /* Release */,
			);
			defaultConfigurationIsVisible = 0;
			defaultConfigurationName = Release;
		};
		1627CB3E2081C1EA00EF9733 /* Build configuration list for PBXNativeTarget "SJ" */ = {
			isa = XCConfigurationList;
			buildConfigurations = (
				1627CB3F2081C1EA00EF9733 /* Debug */,
				1627CB402081C1EA00EF9733 /* Release */,
			);
			defaultConfigurationIsVisible = 0;
			defaultConfigurationName = Release;
		};
/* End XCConfigurationList section */

/* Begin XCVersionGroup section */
		1627CB332081C1E900EF9733 /* SJ.xcdatamodeld */ = {
			isa = XCVersionGroup;
			children = (
				1627CB342081C1E900EF9733 /* SJ.xcdatamodel */,
			);
			currentVersion = 1627CB342081C1E900EF9733 /* SJ.xcdatamodel */;
			path = SJ.xcdatamodeld;
			sourceTree = "<group>";
			versionGroupType = wrapper.xcdatamodel;
		};
/* End XCVersionGroup section */
	};
	rootObject = 1627CB212081C1E900EF9733 /* Project object */;
}
